// !$*UTF8*$!
{
	archiveVersion = 1;
	classes = {
	};
	objectVersion = 50;
	objects = {

/* Begin PBXBuildFile section */
		EDCFDDDD2130078A008009DF /* AppDelegate.swift in Sources */ = {isa = PBXBuildFile; fileRef = EDCFDDDC2130078A008009DF /* AppDelegate.swift */; };
		EDCFDDE22130078B008009DF /* Main.storyboard in Resources */ = {isa = PBXBuildFile; fileRef = EDCFDDE02130078B008009DF /* Main.storyboard */; };
		EDCFDDE42130078D008009DF /* Assets.xcassets in Resources */ = {isa = PBXBuildFile; fileRef = EDCFDDE32130078D008009DF /* Assets.xcassets */; };
		EDCFDDE72130078D008009DF /* LaunchScreen.storyboard in Resources */ = {isa = PBXBuildFile; fileRef = EDCFDDE52130078D008009DF /* LaunchScreen.storyboard */; };
		EDCFDDF22130078D008009DF /* RandomColorsTests.swift in Sources */ = {isa = PBXBuildFile; fileRef = EDCFDDF12130078D008009DF /* RandomColorsTests.swift */; };
		EDCFDDFD2130078D008009DF /* RandomColorsUITests.swift in Sources */ = {isa = PBXBuildFile; fileRef = EDCFDDFC2130078D008009DF /* RandomColorsUITests.swift */; };
		EDCFDE0B213007D8008009DF /* TableViewController.swift in Sources */ = {isa = PBXBuildFile; fileRef = EDCFDE0A213007D8008009DF /* TableViewController.swift */; };
/* End PBXBuildFile section */

/* Begin PBXContainerItemProxy section */
		EDCFDDEE2130078D008009DF /* PBXContainerItemProxy */ = {
			isa = PBXContainerItemProxy;
			containerPortal = EDCFDDD12130078A008009DF /* Project object */;
			proxyType = 1;
			remoteGlobalIDString = EDCFDDD82130078A008009DF;
			remoteInfo = RandomColors;
		};
		EDCFDDF92130078D008009DF /* PBXContainerItemProxy */ = {
			isa = PBXContainerItemProxy;
			containerPortal = EDCFDDD12130078A008009DF /* Project object */;
			proxyType = 1;
			remoteGlobalIDString = EDCFDDD82130078A008009DF;
			remoteInfo = RandomColors;
		};
/* End PBXContainerItemProxy section */

/* Begin PBXFileReference section */
		EDCFDDD92130078A008009DF /* RandomColors.app */ = {isa = PBXFileReference; explicitFileType = wrapper.application; includeInIndex = 0; path = RandomColors.app; sourceTree = BUILT_PRODUCTS_DIR; };
		EDCFDDDC2130078A008009DF /* AppDelegate.swift */ = {isa = PBXFileReference; lastKnownFileType = sourcecode.swift; path = AppDelegate.swift; sourceTree = "<group>"; };
		EDCFDDE12130078B008009DF /* Base */ = {isa = PBXFileReference; lastKnownFileType = file.storyboard; name = Base; path = Base.lproj/Main.storyboard; sourceTree = "<group>"; };
		EDCFDDE32130078D008009DF /* Assets.xcassets */ = {isa = PBXFileReference; lastKnownFileType = folder.assetcatalog; path = Assets.xcassets; sourceTree = "<group>"; };
		EDCFDDE62130078D008009DF /* Base */ = {isa = PBXFileReference; lastKnownFileType = file.storyboard; name = Base; path = Base.lproj/LaunchScreen.storyboard; sourceTree = "<group>"; };
		EDCFDDE82130078D008009DF /* Info.plist */ = {isa = PBXFileReference; lastKnownFileType = text.plist.xml; path = Info.plist; sourceTree = "<group>"; };
		EDCFDDED2130078D008009DF /* RandomColorsTests.xctest */ = {isa = PBXFileReference; explicitFileType = wrapper.cfbundle; includeInIndex = 0; path = RandomColorsTests.xctest; sourceTree = BUILT_PRODUCTS_DIR; };
		EDCFDDF12130078D008009DF /* RandomColorsTests.swift */ = {isa = PBXFileReference; lastKnownFileType = sourcecode.swift; path = RandomColorsTests.swift; sourceTree = "<group>"; };
		EDCFDDF32130078D008009DF /* Info.plist */ = {isa = PBXFileReference; lastKnownFileType = text.plist.xml; path = Info.plist; sourceTree = "<group>"; };
		EDCFDDF82130078D008009DF /* RandomColorsUITests.xctest */ = {isa = PBXFileReference; explicitFileType = wrapper.cfbundle; includeInIndex = 0; path = RandomColorsUITests.xctest; sourceTree = BUILT_PRODUCTS_DIR; };
		EDCFDDFC2130078D008009DF /* RandomColorsUITests.swift */ = {isa = PBXFileReference; lastKnownFileType = sourcecode.swift; path = RandomColorsUITests.swift; sourceTree = "<group>"; };
		EDCFDDFE2130078D008009DF /* Info.plist */ = {isa = PBXFileReference; lastKnownFileType = text.plist.xml; path = Info.plist; sourceTree = "<group>"; };
		EDCFDE0A213007D8008009DF /* TableViewController.swift */ = {isa = PBXFileReference; lastKnownFileType = sourcecode.swift; path = TableViewController.swift; sourceTree = "<group>"; };
/* End PBXFileReference section */

/* Begin PBXFrameworksBuildPhase section */
		EDCFDDD62130078A008009DF /* Frameworks */ = {
			isa = PBXFrameworksBuildPhase;
			buildActionMask = 2147483647;
			files = (
			);
			runOnlyForDeploymentPostprocessing = 0;
		};
		EDCFDDEA2130078D008009DF /* Frameworks */ = {
			isa = PBXFrameworksBuildPhase;
			buildActionMask = 2147483647;
			files = (
			);
			runOnlyForDeploymentPostprocessing = 0;
		};
		EDCFDDF52130078D008009DF /* Frameworks */ = {
			isa = PBXFrameworksBuildPhase;
			buildActionMask = 2147483647;
			files = (
			);
			runOnlyForDeploymentPostprocessing = 0;
		};
/* End PBXFrameworksBuildPhase section */

/* Begin PBXGroup section */
		EDCFDDD02130078A008009DF = {
			isa = PBXGroup;
			children = (
				EDCFDDDB2130078A008009DF /* RandomColors */,
				EDCFDDF02130078D008009DF /* RandomColorsTests */,
				EDCFDDFB2130078D008009DF /* RandomColorsUITests */,
				EDCFDDDA2130078A008009DF /* Products */,
			);
			sourceTree = "<group>";
		};
		EDCFDDDA2130078A008009DF /* Products */ = {
			isa = PBXGroup;
			children = (
				EDCFDDD92130078A008009DF /* RandomColors.app */,
				EDCFDDED2130078D008009DF /* RandomColorsTests.xctest */,
				EDCFDDF82130078D008009DF /* RandomColorsUITests.xctest */,
			);
			name = Products;
			sourceTree = "<group>";
		};
		EDCFDDDB2130078A008009DF /* RandomColors */ = {
			isa = PBXGroup;
			children = (
				EDCFDDDC2130078A008009DF /* AppDelegate.swift */,
				EDCFDDE02130078B008009DF /* Main.storyboard */,
				EDCFDE0A213007D8008009DF /* TableViewController.swift */,
				EDCFDDE32130078D008009DF /* Assets.xcassets */,
				EDCFDDE52130078D008009DF /* LaunchScreen.storyboard */,
				EDCFDDE82130078D008009DF /* Info.plist */,
			);
			path = RandomColors;
			sourceTree = "<group>";
		};
		EDCFDDF02130078D008009DF /* RandomColorsTests */ = {
			isa = PBXGroup;
			children = (
				EDCFDDF12130078D008009DF /* RandomColorsTests.swift */,
				EDCFDDF32130078D008009DF /* Info.plist */,
			);
			path = RandomColorsTests;
			sourceTree = "<group>";
		};
		EDCFDDFB2130078D008009DF /* RandomColorsUITests */ = {
			isa = PBXGroup;
			children = (
				EDCFDDFC2130078D008009DF /* RandomColorsUITests.swift */,
				EDCFDDFE2130078D008009DF /* Info.plist */,
			);
			path = RandomColorsUITests;
			sourceTree = "<group>";
		};
/* End PBXGroup section */

/* Begin PBXNativeTarget section */
		EDCFDDD82130078A008009DF /* RandomColors */ = {
			isa = PBXNativeTarget;
			buildConfigurationList = EDCFDE012130078D008009DF /* Build configuration list for PBXNativeTarget "RandomColors" */;
			buildPhases = (
				EDCFDDD52130078A008009DF /* Sources */,
				EDCFDDD62130078A008009DF /* Frameworks */,
				EDCFDDD72130078A008009DF /* Resources */,
			);
			buildRules = (
			);
			dependencies = (
			);
			name = RandomColors;
			productName = RandomColors;
			productReference = EDCFDDD92130078A008009DF /* RandomColors.app */;
			productType = "com.apple.product-type.application";
		};
		EDCFDDEC2130078D008009DF /* RandomColorsTests */ = {
			isa = PBXNativeTarget;
			buildConfigurationList = EDCFDE042130078D008009DF /* Build configuration list for PBXNativeTarget "RandomColorsTests" */;
			buildPhases = (
				EDCFDDE92130078D008009DF /* Sources */,
				EDCFDDEA2130078D008009DF /* Frameworks */,
				EDCFDDEB2130078D008009DF /* Resources */,
			);
			buildRules = (
			);
			dependencies = (
				EDCFDDEF2130078D008009DF /* PBXTargetDependency */,
			);
			name = RandomColorsTests;
			productName = RandomColorsTests;
			productReference = EDCFDDED2130078D008009DF /* RandomColorsTests.xctest */;
			productType = "com.apple.product-type.bundle.unit-test";
		};
		EDCFDDF72130078D008009DF /* RandomColorsUITests */ = {
			isa = PBXNativeTarget;
			buildConfigurationList = EDCFDE072130078D008009DF /* Build configuration list for PBXNativeTarget "RandomColorsUITests" */;
			buildPhases = (
				EDCFDDF42130078D008009DF /* Sources */,
				EDCFDDF52130078D008009DF /* Frameworks */,
				EDCFDDF62130078D008009DF /* Resources */,
			);
			buildRules = (
			);
			dependencies = (
				EDCFDDFA2130078D008009DF /* PBXTargetDependency */,
			);
			name = RandomColorsUITests;
			productName = RandomColorsUITests;
			productReference = EDCFDDF82130078D008009DF /* RandomColorsUITests.xctest */;
			productType = "com.apple.product-type.bundle.ui-testing";
		};
/* End PBXNativeTarget section */

/* Begin PBXProject section */
		EDCFDDD12130078A008009DF /* Project object */ = {
			isa = PBXProject;
			attributes = {
				LastSwiftUpdateCheck = 0940;
				LastUpgradeCheck = 0940;
				ORGANIZATIONNAME = Kirill;
				TargetAttributes = {
					EDCFDDD82130078A008009DF = {
						CreatedOnToolsVersion = 9.4.1;
					};
					EDCFDDEC2130078D008009DF = {
						CreatedOnToolsVersion = 9.4.1;
						TestTargetID = EDCFDDD82130078A008009DF;
					};
					EDCFDDF72130078D008009DF = {
						CreatedOnToolsVersion = 9.4.1;
						TestTargetID = EDCFDDD82130078A008009DF;
					};
				};
			};
			buildConfigurationList = EDCFDDD42130078A008009DF /* Build configuration list for PBXProject "RandomColors" */;
			compatibilityVersion = "Xcode 9.3";
			developmentRegion = en;
			hasScannedForEncodings = 0;
			knownRegions = (
				en,
				Base,
			);
			mainGroup = EDCFDDD02130078A008009DF;
			productRefGroup = EDCFDDDA2130078A008009DF /* Products */;
			projectDirPath = "";
			projectRoot = "";
			targets = (
				EDCFDDD82130078A008009DF /* RandomColors */,
				EDCFDDEC2130078D008009DF /* RandomColorsTests */,
				EDCFDDF72130078D008009DF /* RandomColorsUITests */,
			);
		};
/* End PBXProject section */

/* Begin PBXResourcesBuildPhase section */
		EDCFDDD72130078A008009DF /* Resources */ = {
			isa = PBXResourcesBuildPhase;
			buildActionMask = 2147483647;
			files = (
				EDCFDDE72130078D008009DF /* LaunchScreen.storyboard in Resources */,
				EDCFDDE42130078D008009DF /* Assets.xcassets in Resources */,
				EDCFDDE22130078B008009DF /* Main.storyboard in Resources */,
			);
			runOnlyForDeploymentPostprocessing = 0;
		};
		EDCFDDEB2130078D008009DF /* Resources */ = {
			isa = PBXResourcesBuildPhase;
			buildActionMask = 2147483647;
			files = (
			);
			runOnlyForDeploymentPostprocessing = 0;
		};
		EDCFDDF62130078D008009DF /* Resources */ = {
			isa = PBXResourcesBuildPhase;
			buildActionMask = 2147483647;
			files = (
			);
			runOnlyForDeploymentPostprocessing = 0;
		};
/* End PBXResourcesBuildPhase section */

/* Begin PBXSourcesBuildPhase section */
		EDCFDDD52130078A008009DF /* Sources */ = {
			isa = PBXSourcesBuildPhase;
			buildActionMask = 2147483647;
			files = (
				EDCFDDDD2130078A008009DF /* AppDelegate.swift in Sources */,
				EDCFDE0B213007D8008009DF /* TableViewController.swift in Sources */,
			);
			runOnlyForDeploymentPostprocessing = 0;
		};
		EDCFDDE92130078D008009DF /* Sources */ = {
			isa = PBXSourcesBuildPhase;
			buildActionMask = 2147483647;
			files = (
				EDCFDDF22130078D008009DF /* RandomColorsTests.swift in Sources */,
			);
			runOnlyForDeploymentPostprocessing = 0;
		};
		EDCFDDF42130078D008009DF /* Sources */ = {
			isa = PBXSourcesBuildPhase;
			buildActionMask = 2147483647;
			files = (
				EDCFDDFD2130078D008009DF /* RandomColorsUITests.swift in Sources */,
			);
			runOnlyForDeploymentPostprocessing = 0;
		};
/* End PBXSourcesBuildPhase section */

/* Begin PBXTargetDependency section */
		EDCFDDEF2130078D008009DF /* PBXTargetDependency */ = {
			isa = PBXTargetDependency;
			target = EDCFDDD82130078A008009DF /* RandomColors */;
			targetProxy = EDCFDDEE2130078D008009DF /* PBXContainerItemProxy */;
		};
		EDCFDDFA2130078D008009DF /* PBXTargetDependency */ = {
			isa = PBXTargetDependency;
			target = EDCFDDD82130078A008009DF /* RandomColors */;
			targetProxy = EDCFDDF92130078D008009DF /* PBXContainerItemProxy */;
		};
/* End PBXTargetDependency section */

/* Begin PBXVariantGroup section */
		EDCFDDE02130078B008009DF /* Main.storyboard */ = {
			isa = PBXVariantGroup;
			children = (
				EDCFDDE12130078B008009DF /* Base */,
			);
			name = Main.storyboard;
			sourceTree = "<group>";
		};
		EDCFDDE52130078D008009DF /* LaunchScreen.storyboard */ = {
			isa = PBXVariantGroup;
			children = (
				EDCFDDE62130078D008009DF /* Base */,
			);
			name = LaunchScreen.storyboard;
			sourceTree = "<group>";
		};
/* End PBXVariantGroup section */

/* Begin XCBuildConfiguration section */
		EDCFDDFF2130078D008009DF /* Debug */ = {
			isa = XCBuildConfiguration;
			buildSettings = {
				ALWAYS_SEARCH_USER_PATHS = NO;
				CLANG_ANALYZER_NONNULL = YES;
				CLANG_ANALYZER_NUMBER_OBJECT_CONVERSION = YES_AGGRESSIVE;
				CLANG_CXX_LANGUAGE_STANDARD = "gnu++14";
				CLANG_CXX_LIBRARY = "libc++";
				CLANG_ENABLE_MODULES = YES;
				CLANG_ENABLE_OBJC_ARC = YES;
				CLANG_ENABLE_OBJC_WEAK = YES;
				CLANG_WARN_BLOCK_CAPTURE_AUTORELEASING = YES;
				CLANG_WARN_BOOL_CONVERSION = YES;
				CLANG_WARN_COMMA = YES;
				CLANG_WARN_CONSTANT_CONVERSION = YES;
				CLANG_WARN_DEPRECATED_OBJC_IMPLEMENTATIONS = YES;
				CLANG_WARN_DIRECT_OBJC_ISA_USAGE = YES_ERROR;
				CLANG_WARN_DOCUMENTATION_COMMENTS = YES;
				CLANG_WARN_EMPTY_BODY = YES;
				CLANG_WARN_ENUM_CONVERSION = YES;
				CLANG_WARN_INFINITE_RECURSION = YES;
				CLANG_WARN_INT_CONVERSION = YES;
				CLANG_WARN_NON_LITERAL_NULL_CONVERSION = YES;
				CLANG_WARN_OBJC_IMPLICIT_RETAIN_SELF = YES;
				CLANG_WARN_OBJC_LITERAL_CONVERSION = YES;
				CLANG_WARN_OBJC_ROOT_CLASS = YES_ERROR;
				CLANG_WARN_RANGE_LOOP_ANALYSIS = YES;
				CLANG_WARN_STRICT_PROTOTYPES = YES;
				CLANG_WARN_SUSPICIOUS_MOVE = YES;
				CLANG_WARN_UNGUARDED_AVAILABILITY = YES_AGGRESSIVE;
				CLANG_WARN_UNREACHABLE_CODE = YES;
				CLANG_WARN__DUPLICATE_METHOD_MATCH = YES;
				CODE_SIGN_IDENTITY = "iPhone Developer";
				COPY_PHASE_STRIP = NO;
				DEBUG_INFORMATION_FORMAT = dwarf;
				ENABLE_STRICT_OBJC_MSGSEND = YES;
				ENABLE_TESTABILITY = YES;
				GCC_C_LANGUAGE_STANDARD = gnu11;
				GCC_DYNAMIC_NO_PIC = NO;
				GCC_NO_COMMON_BLOCKS = YES;
				GCC_OPTIMIZATION_LEVEL = 0;
				GCC_PREPROCESSOR_DEFINITIONS = (
					"DEBUG=1",
					"$(inherited)",
				);
				GCC_WARN_64_TO_32_BIT_CONVERSION = YES;
				GCC_WARN_ABOUT_RETURN_TYPE = YES_ERROR;
				GCC_WARN_UNDECLARED_SELECTOR = YES;
				GCC_WARN_UNINITIALIZED_AUTOS = YES_AGGRESSIVE;
				GCC_WARN_UNUSED_FUNCTION = YES;
				GCC_WARN_UNUSED_VARIABLE = YES;
				IPHONEOS_DEPLOYMENT_TARGET = 11.4;
				MTL_ENABLE_DEBUG_INFO = YES;
				ONLY_ACTIVE_ARCH = YES;
				SDKROOT = iphoneos;
				SWIFT_ACTIVE_COMPILATION_CONDITIONS = DEBUG;
				SWIFT_OPTIMIZATION_LEVEL = "-Onone";
			};
			name = Debug;
		};
		EDCFDE002130078D008009DF /* Release */ = {
			isa = XCBuildConfiguration;
			buildSettings = {
				ALWAYS_SEARCH_USER_PATHS = NO;
				CLANG_ANALYZER_NONNULL = YES;
				CLANG_ANALYZER_NUMBER_OBJECT_CONVERSION = YES_AGGRESSIVE;
				CLANG_CXX_LANGUAGE_STANDARD = "gnu++14";
				CLANG_CXX_LIBRARY = "libc++";
				CLANG_ENABLE_MODULES = YES;
				CLANG_ENABLE_OBJC_ARC = YES;
				CLANG_ENABLE_OBJC_WEAK = YES;
				CLANG_WARN_BLOCK_CAPTURE_AUTORELEASING = YES;
				CLANG_WARN_BOOL_CONVERSION = YES;
				CLANG_WARN_COMMA = YES;
				CLANG_WARN_CONSTANT_CONVERSION = YES;
				CLANG_WARN_DEPRECATED_OBJC_IMPLEMENTATIONS = YES;
				CLANG_WARN_DIRECT_OBJC_ISA_USAGE = YES_ERROR;
				CLANG_WARN_DOCUMENTATION_COMMENTS = YES;
				CLANG_WARN_EMPTY_BODY = YES;
				CLANG_WARN_ENUM_CONVERSION = YES;
				CLANG_WARN_INFINITE_RECURSION = YES;
				CLANG_WARN_INT_CONVERSION = YES;
				CLANG_WARN_NON_LITERAL_NULL_CONVERSION = YES;
				CLANG_WARN_OBJC_IMPLICIT_RETAIN_SELF = YES;
				CLANG_WARN_OBJC_LITERAL_CONVERSION = YES;
				CLANG_WARN_OBJC_ROOT_CLASS = YES_ERROR;
				CLANG_WARN_RANGE_LOOP_ANALYSIS = YES;
				CLANG_WARN_STRICT_PROTOTYPES = YES;
				CLANG_WARN_SUSPICIOUS_MOVE = YES;
				CLANG_WARN_UNGUARDED_AVAILABILITY = YES_AGGRESSIVE;
				CLANG_WARN_UNREACHABLE_CODE = YES;
				CLANG_WARN__DUPLICATE_METHOD_MATCH = YES;
				CODE_SIGN_IDENTITY = "iPhone Developer";
				COPY_PHASE_STRIP = NO;
				DEBUG_INFORMATION_FORMAT = "dwarf-with-dsym";
				ENABLE_NS_ASSERTIONS = NO;
				ENABLE_STRICT_OBJC_MSGSEND = YES;
				GCC_C_LANGUAGE_STANDARD = gnu11;
				GCC_NO_COMMON_BLOCKS = YES;
				GCC_WARN_64_TO_32_BIT_CONVERSION = YES;
				GCC_WARN_ABOUT_RETURN_TYPE = YES_ERROR;
				GCC_WARN_UNDECLARED_SELECTOR = YES;
				GCC_WARN_UNINITIALIZED_AUTOS = YES_AGGRESSIVE;
				GCC_WARN_UNUSED_FUNCTION = YES;
				GCC_WARN_UNUSED_VARIABLE = YES;
				IPHONEOS_DEPLOYMENT_TARGET = 11.4;
				MTL_ENABLE_DEBUG_INFO = NO;
				SDKROOT = iphoneos;
				SWIFT_COMPILATION_MODE = wholemodule;
				SWIFT_OPTIMIZATION_LEVEL = "-O";
				VALIDATE_PRODUCT = YES;
			};
			name = Release;
		};
		EDCFDE022130078D008009DF /* Debug */ = {
			isa = XCBuildConfiguration;
			buildSettings = {
				ASSETCATALOG_COMPILER_APPICON_NAME = AppIcon;
				CODE_SIGN_STYLE = Automatic;
				DEVELOPMENT_TEAM = 6V673KRXX8;
				INFOPLIST_FILE = RandomColors/Info.plist;
				LD_RUNPATH_SEARCH_PATHS = (
					"$(inherited)",
					"@executable_path/Frameworks",
				);
				PRODUCT_BUNDLE_IDENTIFIER = com.Kirill.net.RandomColors;
				PRODUCT_NAME = "$(TARGET_NAME)";
				SWIFT_VERSION = 4.0;
				TARGETED_DEVICE_FAMILY = "1,2";
			};
			name = Debug;
		};
		EDCFDE032130078D008009DF /* Release */ = {
			isa = XCBuildConfiguration;
			buildSettings = {
				ASSETCATALOG_COMPILER_APPICON_NAME = AppIcon;
				CODE_SIGN_STYLE = Automatic;
				DEVELOPMENT_TEAM = 6V673KRXX8;
				INFOPLIST_FILE = RandomColors/Info.plist;
				LD_RUNPATH_SEARCH_PATHS = (
					"$(inherited)",
					"@executable_path/Frameworks",
				);
				PRODUCT_BUNDLE_IDENTIFIER = com.Kirill.net.RandomColors;
				PRODUCT_NAME = "$(TARGET_NAME)";
				SWIFT_VERSION = 4.0;
				TARGETED_DEVICE_FAMILY = "1,2";
			};
			name = Release;
		};
		EDCFDE052130078D008009DF /* Debug */ = {
			isa = XCBuildConfiguration;
			buildSettings = {
				ALWAYS_EMBED_SWIFT_STANDARD_LIBRARIES = YES;
				BUNDLE_LOADER = "$(TEST_HOST)";
				CODE_SIGN_STYLE = Automatic;
				DEVELOPMENT_TEAM = 6V673KRXX8;
				INFOPLIST_FILE = RandomColorsTests/Info.plist;
				LD_RUNPATH_SEARCH_PATHS = (
					"$(inherited)",
					"@executable_path/Frameworks",
					"@loader_path/Frameworks",
				);
				PRODUCT_BUNDLE_IDENTIFIER = com.Kirill.net.RandomColorsTests;
				PRODUCT_NAME = "$(TARGET_NAME)";
				SWIFT_VERSION = 4.0;
				TARGETED_DEVICE_FAMILY = "1,2";
				TEST_HOST = "$(BUILT_PRODUCTS_DIR)/RandomColors.app/RandomColors";
			};
			name = Debug;
		};
		EDCFDE062130078D008009DF /* Release */ = {
			isa = XCBuildConfiguration;
			buildSettings = {
				ALWAYS_EMBED_SWIFT_STANDARD_LIBRARIES = YES;
				BUNDLE_LOADER = "$(TEST_HOST)";
				CODE_SIGN_STYLE = Automatic;
				DEVELOPMENT_TEAM = 6V673KRXX8;
				INFOPLIST_FILE = RandomColorsTests/Info.plist;
				LD_RUNPATH_SEARCH_PATHS = (
					"$(inherited)",
					"@executable_path/Frameworks",
					"@loader_path/Frameworks",
				);
				PRODUCT_BUNDLE_IDENTIFIER = com.Kirill.net.RandomColorsTests;
				PRODUCT_NAME = "$(TARGET_NAME)";
				SWIFT_VERSION = 4.0;
				TARGETED_DEVICE_FAMILY = "1,2";
				TEST_HOST = "$(BUILT_PRODUCTS_DIR)/RandomColors.app/RandomColors";
			};
			name = Release;
		};
		EDCFDE082130078D008009DF /* Debug */ = {
			isa = XCBuildConfiguration;
			buildSettings = {
				ALWAYS_EMBED_SWIFT_STANDARD_LIBRARIES = YES;
				CODE_SIGN_STYLE = Automatic;
				DEVELOPMENT_TEAM = 6V673KRXX8;
				INFOPLIST_FILE = RandomColorsUITests/Info.plist;
				LD_RUNPATH_SEARCH_PATHS = (
					"$(inherited)",
					"@executable_path/Frameworks",
					"@loader_path/Frameworks",
				);
				PRODUCT_BUNDLE_IDENTIFIER = com.Kirill.net.RandomColorsUITests;
				PRODUCT_NAME = "$(TARGET_NAME)";
				SWIFT_VERSION = 4.0;
				TARGETED_DEVICE_FAMILY = "1,2";
				TEST_TARGET_NAME = RandomColors;
			};
			name = Debug;
		};
		EDCFDE092130078D008009DF /* Release */ = {
			isa = XCBuildConfiguration;
			buildSettings = {
				ALWAYS_EMBED_SWIFT_STANDARD_LIBRARIES = YES;
				CODE_SIGN_STYLE = Automatic;
				DEVELOPMENT_TEAM = 6V673KRXX8;
				INFOPLIST_FILE = RandomColorsUITests/Info.plist;
				LD_RUNPATH_SEARCH_PATHS = (
					"$(inherited)",
					"@executable_path/Frameworks",
					"@loader_path/Frameworks",
				);
				PRODUCT_BUNDLE_IDENTIFIER = com.Kirill.net.RandomColorsUITests;
				PRODUCT_NAME = "$(TARGET_NAME)";
				SWIFT_VERSION = 4.0;
				TARGETED_DEVICE_FAMILY = "1,2";
				TEST_TARGET_NAME = RandomColors;
			};
			name = Release;
		};
/* End XCBuildConfiguration section */

/* Begin XCConfigurationList section */
		EDCFDDD42130078A008009DF /* Build configuration list for PBXProject "RandomColors" */ = {
			isa = XCConfigurationList;
			buildConfigurations = (
				EDCFDDFF2130078D008009DF /* Debug */,
				EDCFDE002130078D008009DF /* Release */,
			);
			defaultConfigurationIsVisible = 0;
			defaultConfigurationName = Release;
		};
		EDCFDE012130078D008009DF /* Build configuration list for PBXNativeTarget "RandomColors" */ = {
			isa = XCConfigurationList;
			buildConfigurations = (
				EDCFDE022130078D008009DF /* Debug */,
				EDCFDE032130078D008009DF /* Release */,
			);
			defaultConfigurationIsVisible = 0;
			defaultConfigurationName = Release;
		};
		EDCFDE042130078D008009DF /* Build configuration list for PBXNativeTarget "RandomColorsTests" */ = {
			isa = XCConfigurationList;
			buildConfigurations = (
				EDCFDE052130078D008009DF /* Debug */,
				EDCFDE062130078D008009DF /* Release */,
			);
			defaultConfigurationIsVisible = 0;
			defaultConfigurationName = Release;
		};
		EDCFDE072130078D008009DF /* Build configuration list for PBXNativeTarget "RandomColorsUITests" */ = {
			isa = XCConfigurationList;
			buildConfigurations = (
				EDCFDE082130078D008009DF /* Debug */,
				EDCFDE092130078D008009DF /* Release */,
			);
			defaultConfigurationIsVisible = 0;
			defaultConfigurationName = Release;
		};
/* End XCConfigurationList section */
	};
	rootObject = EDCFDDD12130078A008009DF /* Project object */;
}
